
Microsoft Visual Studio Solution File, Format Version 12.00
# Visual Studio Version 16
VisualStudioVersion = 16.0.28803.202
MinimumVisualStudioVersion = 10.0.40219.1
Project("{FAE04EC0-301F-11D3-BF4B-00C04F79EFBC}") = "Degiskenler", "Degiskenler.csproj", "{FE9261B9-5790-4294-88AC-58E57887BF16}"
EndProject
Global
	GlobalSection(SolutionConfigurationPlatforms) = preSolution
		Debug|Any CPU = Debug|Any CPU
		Release|Any CPU = Release|Any CPU
	EndGlobalSection
	GlobalSection(ProjectConfigurationPlatforms) = postSolution
		{FE9261B9-5790-4294-88AC-58E57887BF16}.Debug|Any CPU.ActiveCfg = Debug|Any CPU
		{FE9261B9-5790-4294-88AC-58E57887BF16}.Debug|Any CPU.Build.0 = Debug|Any CPU
		{FE9261B9-5790-4294-88AC-58E57887BF16}.Release|Any CPU.ActiveCfg = Release|Any CPU
		{FE9261B9-5790-4294-88AC-58E57887BF16}.Release|Any CPU.Build.0 = Release|Any CPU
	EndGlobalSection
	GlobalSection(SolutionProperties) = preSolution
		HideSolutionNode = FALSE
	EndGlobalSection
	GlobalSection(ExtensibilityGlobals) = postSolution
		SolutionGuid = {E11025A0-8DE1-4DFD-BB4D-F0798CE45902}
	EndGlobalSection
EndGlobal
